
Microsoft Visual Studio Solution File, Format Version 12.00
# Visual Studio Version 17
VisualStudioVersion = 17.0.32014.148
MinimumVisualStudioVersion = 10.0.40219.1
Project("{FAE04EC0-301F-11D3-BF4B-00C04F79EFBC}") = "ManagementSystemCodeFirst", "ManagementSystemCodeFirst.csproj", "{970862EF-119A-47E6-92B0-4ABFD0DC665E}"
EndProject
Project("{FAE04EC0-301F-11D3-BF4B-00C04F79EFBC}") = "ManagementSystemCodeFirst.DataModel", "..\ManagementSystemCodeFirst.DataModel\ManagementSystemCodeFirst.DataModel.csproj", "{17717013-0343-498A-B620-AD72F0630152}"
EndProject
Global
	GlobalSection(SolutionConfigurationPlatforms) = preSolution
		Debug|Any CPU = Debug|Any CPU
		Release|Any CPU = Release|Any CPU
	EndGlobalSection
	GlobalSection(ProjectConfigurationPlatforms) = postSolution
		{970862EF-119A-47E6-92B0-4ABFD0DC665E}.Debug|Any CPU.ActiveCfg = Debug|Any CPU
		{970862EF-119A-47E6-92B0-4ABFD0DC665E}.Debug|Any CPU.Build.0 = Debug|Any CPU
		{970862EF-119A-47E6-92B0-4ABFD0DC665E}.Release|Any CPU.ActiveCfg = Release|Any CPU
		{970862EF-119A-47E6-92B0-4ABFD0DC665E}.Release|Any CPU.Build.0 = Release|Any CPU
		{17717013-0343-498A-B620-AD72F0630152}.Debug|Any CPU.ActiveCfg = Debug|Any CPU
		{17717013-0343-498A-B620-AD72F0630152}.Debug|Any CPU.Build.0 = Debug|Any CPU
		{17717013-0343-498A-B620-AD72F0630152}.Release|Any CPU.ActiveCfg = Release|Any CPU
		{17717013-0343-498A-B620-AD72F0630152}.Release|Any CPU.Build.0 = Release|Any CPU
	EndGlobalSection
	GlobalSection(SolutionProperties) = preSolution
		HideSolutionNode = FALSE
	EndGlobalSection
	GlobalSection(ExtensibilityGlobals) = postSolution
		SolutionGuid = {272DFCDC-3403-44C3-94EB-76ECA5B91897}
	EndGlobalSection
EndGlobal
